
Microsoft Visual Studio Solution File, Format Version 12.00
# Visual Studio Version 16
VisualStudioVersion = 16.0.30413.136
MinimumVisualStudioVersion = 10.0.40219.1
Project("{9A19103F-16F7-4668-BE54-9A1E7A4F7556}") = "NPOIHelper", "NPOIHelper\NPOIHelper.csproj", "{C6CDF787-EBFF-4CF6-8749-85C6C15B99C4}"
EndProject
Project("{2150E333-8FDC-42A3-9474-1A3956D46DE8}") = "Sample", "Sample", "{CB8C33A6-1742-4A1A-AA46-A1CF5D036045}"
EndProject
Project("{9A19103F-16F7-4668-BE54-9A1E7A4F7556}") = "AspNetCoreSample", "Sample\AspNetCoreSample\AspNetCoreSample.csproj", "{5A5C13D8-48C8-4C2E-BA4B-A3DDE24063D5}"
EndProject
Project("{FAE04EC0-301F-11D3-BF4B-00C04F79EFBC}") = "ConsoleTest", "Sample\ConsoleTest\ConsoleTest.csproj", "{9581A922-C8B5-462B-9921-15C76587A2B4}"
EndProject
Project("{FAE04EC0-301F-11D3-BF4B-00C04F79EFBC}") = "NPOIHelperWebExtension", "NPOIHelperWebExtension\NPOIHelperWebExtension.csproj", "{776AB0C5-9A23-4B51-AF9F-B97BD23519D0}"
EndProject
Global
	GlobalSection(SolutionConfigurationPlatforms) = preSolution
		Debug|Any CPU = Debug|Any CPU
		Release|Any CPU = Release|Any CPU
	EndGlobalSection
	GlobalSection(ProjectConfigurationPlatforms) = postSolution
		{C6CDF787-EBFF-4CF6-8749-85C6C15B99C4}.Debug|Any CPU.ActiveCfg = Debug|Any CPU
		{C6CDF787-EBFF-4CF6-8749-85C6C15B99C4}.Debug|Any CPU.Build.0 = Debug|Any CPU
		{C6CDF787-EBFF-4CF6-8749-85C6C15B99C4}.Release|Any CPU.ActiveCfg = Release|Any CPU
		{C6CDF787-EBFF-4CF6-8749-85C6C15B99C4}.Release|Any CPU.Build.0 = Release|Any CPU
		{5A5C13D8-48C8-4C2E-BA4B-A3DDE24063D5}.Debug|Any CPU.ActiveCfg = Debug|Any CPU
		{5A5C13D8-48C8-4C2E-BA4B-A3DDE24063D5}.Debug|Any CPU.Build.0 = Debug|Any CPU
		{5A5C13D8-48C8-4C2E-BA4B-A3DDE24063D5}.Release|Any CPU.ActiveCfg = Release|Any CPU
		{5A5C13D8-48C8-4C2E-BA4B-A3DDE24063D5}.Release|Any CPU.Build.0 = Release|Any CPU
		{9581A922-C8B5-462B-9921-15C76587A2B4}.Debug|Any CPU.ActiveCfg = Debug|Any CPU
		{9581A922-C8B5-462B-9921-15C76587A2B4}.Debug|Any CPU.Build.0 = Debug|Any CPU
		{9581A922-C8B5-462B-9921-15C76587A2B4}.Release|Any CPU.ActiveCfg = Release|Any CPU
		{9581A922-C8B5-462B-9921-15C76587A2B4}.Release|Any CPU.Build.0 = Release|Any CPU
		{776AB0C5-9A23-4B51-AF9F-B97BD23519D0}.Debug|Any CPU.ActiveCfg = Debug|Any CPU
		{776AB0C5-9A23-4B51-AF9F-B97BD23519D0}.Debug|Any CPU.Build.0 = Debug|Any CPU
		{776AB0C5-9A23-4B51-AF9F-B97BD23519D0}.Release|Any CPU.ActiveCfg = Release|Any CPU
		{776AB0C5-9A23-4B51-AF9F-B97BD23519D0}.Release|Any CPU.Build.0 = Release|Any CPU
	EndGlobalSection
	GlobalSection(SolutionProperties) = preSolution
		HideSolutionNode = FALSE
	EndGlobalSection
	GlobalSection(NestedProjects) = preSolution
		{5A5C13D8-48C8-4C2E-BA4B-A3DDE24063D5} = {CB8C33A6-1742-4A1A-AA46-A1CF5D036045}
		{9581A922-C8B5-462B-9921-15C76587A2B4} = {CB8C33A6-1742-4A1A-AA46-A1CF5D036045}
	EndGlobalSection
	GlobalSection(ExtensibilityGlobals) = postSolution
		SolutionGuid = {11A34258-2090-45CA-8C4C-747C48067047}
	EndGlobalSection
EndGlobal
